
Microsoft Visual Studio Solution File, Format Version 12.00
# Visual Studio Version 18
VisualStudioVersion = 18.0.11217.181
MinimumVisualStudioVersion = 10.0.40219.1
Project("{FAE04EC0-301F-11D3-BF4B-00C04F79EFBC}") = "AITaskAgent", "Framework\AITaskAgent.csproj", "{D86B7F04-1683-7A83-7A23-B9C44A7B3F23}"
EndProject
Project("{FAE04EC0-301F-11D3-BF4B-00C04F79EFBC}") = "Sample", "Sample\Sample.csproj", "{5A7F8005-C165-6259-8009-1115B9A95056}"
EndProject
Project("{2150E333-8FDC-42A3-9474-1A3956D46DE8}") = "Samples", "Samples", "{5D20AA90-6969-D8BD-9DCD-8634F4692FDA}"
EndProject
Project("{2150E333-8FDC-42A3-9474-1A3956D46DE8}") = "ParallelProcessing", "ParallelProcessing", "{EA085618-7F06-99E0-5C21-6D930A2C745E}"
EndProject
Project("{FAE04EC0-301F-11D3-BF4B-00C04F79EFBC}") = "Samples.ParallelProcessing", "Samples\ParallelProcessing\Samples.ParallelProcessing.csproj", "{921A1DDB-4877-4D32-B42C-9CF6AC6CE2C1}"
EndProject
Project("{2150E333-8FDC-42A3-9474-1A3956D46DE8}") = "Framework", "Framework", "{9A0CCAB9-4303-13B4-2371-F1B97FF5B728}"
EndProject
Project("{2150E333-8FDC-42A3-9474-1A3956D46DE8}") = "ComplexReasoning", "ComplexReasoning", "{43E70E27-6D22-88FF-54C1-3C5EB6D72282}"
EndProject
Project("{FAE04EC0-301F-11D3-BF4B-00C04F79EFBC}") = "Samples.ComplexReasoning", "Samples\ComplexReasoning\Samples.ComplexReasoning.csproj", "{D3E38753-F56C-44FB-8707-A6E239FEE0A0}"
EndProject
Project("{2150E333-8FDC-42A3-9474-1A3956D46DE8}") = "Tests", "Tests", "{0AB3BF05-4346-4AA6-1389-037BE0695223}"
EndProject
Project("{FAE04EC0-301F-11D3-BF4B-00C04F79EFBC}") = "AITaskAgent.UnitTests", "Tests\AITaskAgent.UnitTests\AITaskAgent.UnitTests.csproj", "{3C51647A-484F-45F7-94D9-5E08E7DC2584}"
EndProject
Project("{2150E333-8FDC-42A3-9474-1A3956D46DE8}") = "AdvancedLlmPipeline", "AdvancedLlmPipeline", "{FA25C610-33C4-1055-281E-DDBBFD358750}"
EndProject
Project("{FAE04EC0-301F-11D3-BF4B-00C04F79EFBC}") = "Samples.AdvancedLlmPipeline", "Samples\AdvancedLlmPipeline\Samples.AdvancedLlmPipeline.csproj", "{4961A190-A8B8-4720-8D44-E6618E6AD5D7}"
EndProject
Project("{FAE04EC0-301F-11D3-BF4B-00C04F79EFBC}") = "OpenAILLmService", "OpenAILLmService\OpenAILLmService.csproj", "{0EFC52AC-CFC4-4C24-A82C-62A61735D584}"
EndProject
Project("{FAE04EC0-301F-11D3-BF4B-00C04F79EFBC}") = "PipelineVisualizer", "Samples\PipelineVisualizer\PipelineVisualizer.csproj", "{DDA4A15F-8863-4064-E3B9-2EB888D99E7D}"
EndProject
Global
	GlobalSection(SolutionConfigurationPlatforms) = preSolution
		Debug|Any CPU = Debug|Any CPU
		Debug|x64 = Debug|x64
		Debug|x86 = Debug|x86
		Release|Any CPU = Release|Any CPU
		Release|x64 = Release|x64
		Release|x86 = Release|x86
	EndGlobalSection
	GlobalSection(ProjectConfigurationPlatforms) = postSolution
		{D86B7F04-1683-7A83-7A23-B9C44A7B3F23}.Debug|Any CPU.ActiveCfg = Debug|Any CPU
		{D86B7F04-1683-7A83-7A23-B9C44A7B3F23}.Debug|Any CPU.Build.0 = Debug|Any CPU
		{D86B7F04-1683-7A83-7A23-B9C44A7B3F23}.Debug|x64.ActiveCfg = Debug|Any CPU
		{D86B7F04-1683-7A83-7A23-B9C44A7B3F23}.Debug|x64.Build.0 = Debug|Any CPU
		{D86B7F04-1683-7A83-7A23-B9C44A7B3F23}.Debug|x86.ActiveCfg = Debug|Any CPU
		{D86B7F04-1683-7A83-7A23-B9C44A7B3F23}.Debug|x86.Build.0 = Debug|Any CPU
		{D86B7F04-1683-7A83-7A23-B9C44A7B3F23}.Release|Any CPU.ActiveCfg = Release|Any CPU
		{D86B7F04-1683-7A83-7A23-B9C44A7B3F23}.Release|Any CPU.Build.0 = Release|Any CPU
		{D86B7F04-1683-7A83-7A23-B9C44A7B3F23}.Release|x64.ActiveCfg = Release|Any CPU
		{D86B7F04-1683-7A83-7A23-B9C44A7B3F23}.Release|x64.Build.0 = Release|Any CPU
		{D86B7F04-1683-7A83-7A23-B9C44A7B3F23}.Release|x86.ActiveCfg = Release|Any CPU
		{D86B7F04-1683-7A83-7A23-B9C44A7B3F23}.Release|x86.Build.0 = Release|Any CPU
		{5A7F8005-C165-6259-8009-1115B9A95056}.Debug|Any CPU.ActiveCfg = Debug|Any CPU
		{5A7F8005-C165-6259-8009-1115B9A95056}.Debug|Any CPU.Build.0 = Debug|Any CPU
		{5A7F8005-C165-6259-8009-1115B9A95056}.Debug|x64.ActiveCfg = Debug|Any CPU
		{5A7F8005-C165-6259-8009-1115B9A95056}.Debug|x64.Build.0 = Debug|Any CPU
		{5A7F8005-C165-6259-8009-1115B9A95056}.Debug|x86.ActiveCfg = Debug|Any CPU
		{5A7F8005-C165-6259-8009-1115B9A95056}.Debug|x86.Build.0 = Debug|Any CPU
		{5A7F8005-C165-6259-8009-1115B9A95056}.Release|Any CPU.ActiveCfg = Release|Any CPU
		{5A7F8005-C165-6259-8009-1115B9A95056}.Release|Any CPU.Build.0 = Release|Any CPU
		{5A7F8005-C165-6259-8009-1115B9A95056}.Release|x64.ActiveCfg = Release|Any CPU
		{5A7F8005-C165-6259-8009-1115B9A95056}.Release|x64.Build.0 = Release|Any CPU
		{5A7F8005-C165-6259-8009-1115B9A95056}.Release|x86.ActiveCfg = Release|Any CPU
		{5A7F8005-C165-6259-8009-1115B9A95056}.Release|x86.Build.0 = Release|Any CPU
		{921A1DDB-4877-4D32-B42C-9CF6AC6CE2C1}.Debug|Any CPU.ActiveCfg = Debug|Any CPU
		{921A1DDB-4877-4D32-B42C-9CF6AC6CE2C1}.Debug|Any CPU.Build.0 = Debug|Any CPU
		{921A1DDB-4877-4D32-B42C-9CF6AC6CE2C1}.Debug|x64.ActiveCfg = Debug|Any CPU
		{921A1DDB-4877-4D32-B42C-9CF6AC6CE2C1}.Debug|x64.Build.0 = Debug|Any CPU
		{921A1DDB-4877-4D32-B42C-9CF6AC6CE2C1}.Debug|x86.ActiveCfg = Debug|Any CPU
		{921A1DDB-4877-4D32-B42C-9CF6AC6CE2C1}.Debug|x86.Build.0 = Debug|Any CPU
		{921A1DDB-4877-4D32-B42C-9CF6AC6CE2C1}.Release|Any CPU.ActiveCfg = Release|Any CPU
		{921A1DDB-4877-4D32-B42C-9CF6AC6CE2C1}.Release|Any CPU.Build.0 = Release|Any CPU
		{921A1DDB-4877-4D32-B42C-9CF6AC6CE2C1}.Release|x64.ActiveCfg = Release|Any CPU
		{921A1DDB-4877-4D32-B42C-9CF6AC6CE2C1}.Release|x64.Build.0 = Release|Any CPU
		{921A1DDB-4877-4D32-B42C-9CF6AC6CE2C1}.Release|x86.ActiveCfg = Release|Any CPU
		{921A1DDB-4877-4D32-B42C-9CF6AC6CE2C1}.Release|x86.Build.0 = Release|Any CPU
		{D3E38753-F56C-44FB-8707-A6E239FEE0A0}.Debug|Any CPU.ActiveCfg = Debug|Any CPU
		{D3E38753-F56C-44FB-8707-A6E239FEE0A0}.Debug|Any CPU.Build.0 = Debug|Any CPU
		{D3E38753-F56C-44FB-8707-A6E239FEE0A0}.Debug|x64.ActiveCfg = Debug|Any CPU
		{D3E38753-F56C-44FB-8707-A6E239FEE0A0}.Debug|x64.Build.0 = Debug|Any CPU
		{D3E38753-F56C-44FB-8707-A6E239FEE0A0}.Debug|x86.ActiveCfg = Debug|Any CPU
		{D3E38753-F56C-44FB-8707-A6E239FEE0A0}.Debug|x86.Build.0 = Debug|Any CPU
		{D3E38753-F56C-44FB-8707-A6E239FEE0A0}.Release|Any CPU.ActiveCfg = Release|Any CPU
		{D3E38753-F56C-44FB-8707-A6E239FEE0A0}.Release|Any CPU.Build.0 = Release|Any CPU
		{D3E38753-F56C-44FB-8707-A6E239FEE0A0}.Release|x64.ActiveCfg = Release|Any CPU
		{D3E38753-F56C-44FB-8707-A6E239FEE0A0}.Release|x64.Build.0 = Release|Any CPU
		{D3E38753-F56C-44FB-8707-A6E239FEE0A0}.Release|x86.ActiveCfg = Release|Any CPU
		{D3E38753-F56C-44FB-8707-A6E239FEE0A0}.Release|x86.Build.0 = Release|Any CPU
		{3C51647A-484F-45F7-94D9-5E08E7DC2584}.Debug|Any CPU.ActiveCfg = Debug|Any CPU
		{3C51647A-484F-45F7-94D9-5E08E7DC2584}.Debug|Any CPU.Build.0 = Debug|Any CPU
		{3C51647A-484F-45F7-94D9-5E08E7DC2584}.Debug|x64.ActiveCfg = Debug|Any CPU
		{3C51647A-484F-45F7-94D9-5E08E7DC2584}.Debug|x64.Build.0 = Debug|Any CPU
		{3C51647A-484F-45F7-94D9-5E08E7DC2584}.Debug|x86.ActiveCfg = Debug|Any CPU
		{3C51647A-484F-45F7-94D9-5E08E7DC2584}.Debug|x86.Build.0 = Debug|Any CPU
		{3C51647A-484F-45F7-94D9-5E08E7DC2584}.Release|Any CPU.ActiveCfg = Release|Any CPU
		{3C51647A-484F-45F7-94D9-5E08E7DC2584}.Release|Any CPU.Build.0 = Release|Any CPU
		{3C51647A-484F-45F7-94D9-5E08E7DC2584}.Release|x64.ActiveCfg = Release|Any CPU
		{3C51647A-484F-45F7-94D9-5E08E7DC2584}.Release|x64.Build.0 = Release|Any CPU
		{3C51647A-484F-45F7-94D9-5E08E7DC2584}.Release|x86.ActiveCfg = Release|Any CPU
		{3C51647A-484F-45F7-94D9-5E08E7DC2584}.Release|x86.Build.0 = Release|Any CPU
		{4961A190-A8B8-4720-8D44-E6618E6AD5D7}.Debug|Any CPU.ActiveCfg = Debug|Any CPU
		{4961A190-A8B8-4720-8D44-E6618E6AD5D7}.Debug|Any CPU.Build.0 = Debug|Any CPU
		{4961A190-A8B8-4720-8D44-E6618E6AD5D7}.Debug|x64.ActiveCfg = Debug|Any CPU
		{4961A190-A8B8-4720-8D44-E6618E6AD5D7}.Debug|x64.Build.0 = Debug|Any CPU
		{4961A190-A8B8-4720-8D44-E6618E6AD5D7}.Debug|x86.ActiveCfg = Debug|Any CPU
		{4961A190-A8B8-4720-8D44-E6618E6AD5D7}.Debug|x86.Build.0 = Debug|Any CPU
		{4961A190-A8B8-4720-8D44-E6618E6AD5D7}.Release|Any CPU.ActiveCfg = Release|Any CPU
		{4961A190-A8B8-4720-8D44-E6618E6AD5D7}.Release|Any CPU.Build.0 = Release|Any CPU
		{4961A190-A8B8-4720-8D44-E6618E6AD5D7}.Release|x64.ActiveCfg = Release|Any CPU
		{4961A190-A8B8-4720-8D44-E6618E6AD5D7}.Release|x64.Build.0 = Release|Any CPU
		{4961A190-A8B8-4720-8D44-E6618E6AD5D7}.Release|x86.ActiveCfg = Release|Any CPU
		{4961A190-A8B8-4720-8D44-E6618E6AD5D7}.Release|x86.Build.0 = Release|Any CPU
		{0EFC52AC-CFC4-4C24-A82C-62A61735D584}.Debug|Any CPU.ActiveCfg = Debug|Any CPU
		{0EFC52AC-CFC4-4C24-A82C-62A61735D584}.Debug|Any CPU.Build.0 = Debug|Any CPU
		{0EFC52AC-CFC4-4C24-A82C-62A61735D584}.Debug|x64.ActiveCfg = Debug|Any CPU
		{0EFC52AC-CFC4-4C24-A82C-62A61735D584}.Debug|x64.Build.0 = Debug|Any CPU
		{0EFC52AC-CFC4-4C24-A82C-62A61735D584}.Debug|x86.ActiveCfg = Debug|Any CPU
		{0EFC52AC-CFC4-4C24-A82C-62A61735D584}.Debug|x86.Build.0 = Debug|Any CPU
		{0EFC52AC-CFC4-4C24-A82C-62A61735D584}.Release|Any CPU.ActiveCfg = Release|Any CPU
		{0EFC52AC-CFC4-4C24-A82C-62A61735D584}.Release|Any CPU.Build.0 = Release|Any CPU
		{0EFC52AC-CFC4-4C24-A82C-62A61735D584}.Release|x64.ActiveCfg = Release|Any CPU
		{0EFC52AC-CFC4-4C24-A82C-62A61735D584}.Release|x64.Build.0 = Release|Any CPU
		{0EFC52AC-CFC4-4C24-A82C-62A61735D584}.Release|x86.ActiveCfg = Release|Any CPU
		{0EFC52AC-CFC4-4C24-A82C-62A61735D584}.Release|x86.Build.0 = Release|Any CPU
		{DDA4A15F-8863-4064-E3B9-2EB888D99E7D}.Debug|Any CPU.ActiveCfg = Debug|Any CPU
		{DDA4A15F-8863-4064-E3B9-2EB888D99E7D}.Debug|Any CPU.Build.0 = Debug|Any CPU
		{DDA4A15F-8863-4064-E3B9-2EB888D99E7D}.Debug|x64.ActiveCfg = Debug|Any CPU
		{DDA4A15F-8863-4064-E3B9-2EB888D99E7D}.Debug|x64.Build.0 = Debug|Any CPU
		{DDA4A15F-8863-4064-E3B9-2EB888D99E7D}.Debug|x86.ActiveCfg = Debug|Any CPU
		{DDA4A15F-8863-4064-E3B9-2EB888D99E7D}.Debug|x86.Build.0 = Debug|Any CPU
		{DDA4A15F-8863-4064-E3B9-2EB888D99E7D}.Release|Any CPU.ActiveCfg = Release|Any CPU
		{DDA4A15F-8863-4064-E3B9-2EB888D99E7D}.Release|Any CPU.Build.0 = Release|Any CPU
		{DDA4A15F-8863-4064-E3B9-2EB888D99E7D}.Release|x64.ActiveCfg = Release|Any CPU
		{DDA4A15F-8863-4064-E3B9-2EB888D99E7D}.Release|x64.Build.0 = Release|Any CPU
		{DDA4A15F-8863-4064-E3B9-2EB888D99E7D}.Release|x86.ActiveCfg = Release|Any CPU
		{DDA4A15F-8863-4064-E3B9-2EB888D99E7D}.Release|x86.Build.0 = Release|Any CPU
	EndGlobalSection
	GlobalSection(SolutionProperties) = preSolution
		HideSolutionNode = FALSE
	EndGlobalSection
	GlobalSection(NestedProjects) = preSolution
		{EA085618-7F06-99E0-5C21-6D930A2C745E} = {5D20AA90-6969-D8BD-9DCD-8634F4692FDA}
		{921A1DDB-4877-4D32-B42C-9CF6AC6CE2C1} = {EA085618-7F06-99E0-5C21-6D930A2C745E}
		{43E70E27-6D22-88FF-54C1-3C5EB6D72282} = {5D20AA90-6969-D8BD-9DCD-8634F4692FDA}
		{D3E38753-F56C-44FB-8707-A6E239FEE0A0} = {43E70E27-6D22-88FF-54C1-3C5EB6D72282}
		{3C51647A-484F-45F7-94D9-5E08E7DC2584} = {0AB3BF05-4346-4AA6-1389-037BE0695223}
		{FA25C610-33C4-1055-281E-DDBBFD358750} = {5D20AA90-6969-D8BD-9DCD-8634F4692FDA}
		{4961A190-A8B8-4720-8D44-E6618E6AD5D7} = {FA25C610-33C4-1055-281E-DDBBFD358750}
	EndGlobalSection
	GlobalSection(ExtensibilityGlobals) = postSolution
		SolutionGuid = {102FAC81-8036-4EB8-B8CD-BEF6BD90F450}
	EndGlobalSection
EndGlobal
